
Microsoft Visual Studio Solution File, Format Version 12.00
# Visual Studio Version 17
VisualStudioVersion = 17.3.32901.215
MinimumVisualStudioVersion = 10.0.40219.1
Project("{9A19103F-16F7-4668-BE54-9A1E7A4F7556}") = "ClimateApp", "ClimateApp\ClimateApp.csproj", "{B2CCDF79-8E5B-46D1-ACAA-A5857ED9B9A5}"
EndProject
Project("{9A19103F-16F7-4668-BE54-9A1E7A4F7556}") = "Device.Climate", "Device.Climate\Device.Climate.csproj", "{72EAFE00-5D36-44CC-AAD9-920521E1B1A0}"
EndProject
Project("{FAE04EC0-301F-11D3-BF4B-00C04F79EFBC}") = "ConnectingDevice", "ConnectingDevice\ConnectingDevice.csproj", "{59E3B960-FEA1-4C6C-B7C6-EAD30081E2C5}"
EndProject
Global
	GlobalSection(SolutionConfigurationPlatforms) = preSolution
		Debug|Any CPU = Debug|Any CPU
		Release|Any CPU = Release|Any CPU
	EndGlobalSection
	GlobalSection(ProjectConfigurationPlatforms) = postSolution
		{B2CCDF79-8E5B-46D1-ACAA-A5857ED9B9A5}.Debug|Any CPU.ActiveCfg = Debug|Any CPU
		{B2CCDF79-8E5B-46D1-ACAA-A5857ED9B9A5}.Debug|Any CPU.Build.0 = Debug|Any CPU
		{B2CCDF79-8E5B-46D1-ACAA-A5857ED9B9A5}.Release|Any CPU.ActiveCfg = Release|Any CPU
		{B2CCDF79-8E5B-46D1-ACAA-A5857ED9B9A5}.Release|Any CPU.Build.0 = Release|Any CPU
		{72EAFE00-5D36-44CC-AAD9-920521E1B1A0}.Debug|Any CPU.ActiveCfg = Debug|Any CPU
		{72EAFE00-5D36-44CC-AAD9-920521E1B1A0}.Debug|Any CPU.Build.0 = Debug|Any CPU
		{72EAFE00-5D36-44CC-AAD9-920521E1B1A0}.Release|Any CPU.ActiveCfg = Release|Any CPU
		{72EAFE00-5D36-44CC-AAD9-920521E1B1A0}.Release|Any CPU.Build.0 = Release|Any CPU
		{59E3B960-FEA1-4C6C-B7C6-EAD30081E2C5}.Debug|Any CPU.ActiveCfg = Debug|Any CPU
		{59E3B960-FEA1-4C6C-B7C6-EAD30081E2C5}.Debug|Any CPU.Build.0 = Debug|Any CPU
		{59E3B960-FEA1-4C6C-B7C6-EAD30081E2C5}.Release|Any CPU.ActiveCfg = Release|Any CPU
		{59E3B960-FEA1-4C6C-B7C6-EAD30081E2C5}.Release|Any CPU.Build.0 = Release|Any CPU
	EndGlobalSection
	GlobalSection(SolutionProperties) = preSolution
		HideSolutionNode = FALSE
	EndGlobalSection
	GlobalSection(ExtensibilityGlobals) = postSolution
		SolutionGuid = {BD3B10D4-0BF0-4DB9-B86D-A406480DEF38}
	EndGlobalSection
EndGlobal
