
Microsoft Visual Studio Solution File, Format Version 12.00
# Visual Studio Version 17
VisualStudioVersion = 17.3.32901.215
MinimumVisualStudioVersion = 10.0.40219.1
Project("{9A19103F-16F7-4668-BE54-9A1E7A4F7556}") = "ConnectingDevice", "ConnectingDevice\ConnectingDevice.csproj", "{59E3B960-FEA1-4C6C-B7C6-EAD30081E2C5}"
EndProject
Project("{FAE04EC0-301F-11D3-BF4B-00C04F79EFBC}") = "AzureFunctions", "AzureFunctions\AzureFunctions.csproj", "{6B99274A-0870-405A-BE94-3FAF368448E2}"
EndProject
Project("{FAE04EC0-301F-11D3-BF4B-00C04F79EFBC}") = "Service.ClimateApp", "Service.ClimateApp\Service.ClimateApp.csproj", "{BB715481-8615-40F1-91EC-8547210C68E8}"
EndProject
Global
	GlobalSection(SolutionConfigurationPlatforms) = preSolution
		Debug|Any CPU = Debug|Any CPU
		Release|Any CPU = Release|Any CPU
	EndGlobalSection
	GlobalSection(ProjectConfigurationPlatforms) = postSolution
		{59E3B960-FEA1-4C6C-B7C6-EAD30081E2C5}.Debug|Any CPU.ActiveCfg = Debug|Any CPU
		{59E3B960-FEA1-4C6C-B7C6-EAD30081E2C5}.Debug|Any CPU.Build.0 = Debug|Any CPU
		{59E3B960-FEA1-4C6C-B7C6-EAD30081E2C5}.Release|Any CPU.ActiveCfg = Release|Any CPU
		{59E3B960-FEA1-4C6C-B7C6-EAD30081E2C5}.Release|Any CPU.Build.0 = Release|Any CPU
		{6B99274A-0870-405A-BE94-3FAF368448E2}.Debug|Any CPU.ActiveCfg = Debug|Any CPU
		{6B99274A-0870-405A-BE94-3FAF368448E2}.Debug|Any CPU.Build.0 = Debug|Any CPU
		{6B99274A-0870-405A-BE94-3FAF368448E2}.Release|Any CPU.ActiveCfg = Release|Any CPU
		{6B99274A-0870-405A-BE94-3FAF368448E2}.Release|Any CPU.Build.0 = Release|Any CPU
		{BB715481-8615-40F1-91EC-8547210C68E8}.Debug|Any CPU.ActiveCfg = Debug|Any CPU
		{BB715481-8615-40F1-91EC-8547210C68E8}.Debug|Any CPU.Build.0 = Debug|Any CPU
		{BB715481-8615-40F1-91EC-8547210C68E8}.Release|Any CPU.ActiveCfg = Release|Any CPU
		{BB715481-8615-40F1-91EC-8547210C68E8}.Release|Any CPU.Build.0 = Release|Any CPU
	EndGlobalSection
	GlobalSection(SolutionProperties) = preSolution
		HideSolutionNode = FALSE
	EndGlobalSection
	GlobalSection(ExtensibilityGlobals) = postSolution
		SolutionGuid = {BD3B10D4-0BF0-4DB9-B86D-A406480DEF38}
	EndGlobalSection
EndGlobal
